
Microsoft Visual Studio Solution File, Format Version 12.00
# Visual Studio Version 17
VisualStudioVersion = 17.2.32630.192
MinimumVisualStudioVersion = 10.0.40219.1
Project("{FAE04EC0-301F-11D3-BF4B-00C04F79EFBC}") = "TuantuanShop", "TuantuanShop.csproj", "{BBCE688B-F00A-4248-A14A-830934855D51}"
EndProject
Global
	GlobalSection(SolutionConfigurationPlatforms) = preSolution
		Debug|Any CPU = Debug|Any CPU
		Release|Any CPU = Release|Any CPU
	EndGlobalSection
	GlobalSection(ProjectConfigurationPlatforms) = postSolution
		{BBCE688B-F00A-4248-A14A-830934855D51}.Debug|Any CPU.ActiveCfg = Debug|Any CPU
		{BBCE688B-F00A-4248-A14A-830934855D51}.Debug|Any CPU.Build.0 = Debug|Any CPU
		{BBCE688B-F00A-4248-A14A-830934855D51}.Release|Any CPU.ActiveCfg = Release|Any CPU
		{BBCE688B-F00A-4248-A14A-830934855D51}.Release|Any CPU.Build.0 = Release|Any CPU
	EndGlobalSection
	GlobalSection(SolutionProperties) = preSolution
		HideSolutionNode = FALSE
	EndGlobalSection
	GlobalSection(ExtensibilityGlobals) = postSolution
		SolutionGuid = {989FFA12-E398-47E4-B998-A98C415997C8}
	EndGlobalSection
EndGlobal
